<?xml version="1.0" encoding="UTF-8" standalone="yes" ?>
<CodeBlocks_project_file>
	<FileVersion major="1" minor="6" />
	<Project>
		<Option title="Platformer" />
		<Option pch_mode="2" />
		<Option compiler="gcc" />
		<Build>
			<Target title="Debug">
				<Option output="bin/Debug/RPG Proj" prefix_auto="1" extension_auto="1" />
				<Option object_output="obj/Debug/" />
				<Option type="0" />
				<Option compiler="gcc" />
				<Compiler>
					<Add option="-g" />
				</Compiler>
				<Linker>
					<Add library="SDL2main" />
					<Add library="SDL2" />
					<Add library="SDL2_image" />
					<Add library="SDL2_ttf" />
					<Add library="SDL2_mixer" />
				</Linker>
			</Target>
			<Target title="Release">
				<Option output="bin/Release/RPG Proj" prefix_auto="1" extension_auto="1" />
				<Option object_output="obj/Release/" />
				<Option type="1" />
				<Option compiler="gcc" />
				<Compiler>
					<Add option="-O2" />
				</Compiler>
				<Linker>
					<Add option="-s" />
				</Linker>
			</Target>
		</Build>
		<Compiler>
			<Add option="-Wall" />
		</Compiler>
		<Linker>
			<Add directory="/usr/local/bin" />
		</Linker>
		<Unit filename="SOURCES/assets.cpp" />
		<Unit filename="SOURCES/assets.h" />
		<Unit filename="SOURCES/base.cpp" />
		<Unit filename="SOURCES/base.h" />
		<Unit filename="SOURCES/basics.cpp" />
		<Unit filename="SOURCES/basics.h" />
		<Unit filename="SOURCES/console.cpp" />
		<Unit filename="SOURCES/console.h" />
		<Unit filename="SOURCES/edit_mode.cpp" />
		<Unit filename="SOURCES/edit_mode.h" />
		<Unit filename="SOURCES/main.cpp" />
		<Unit filename="SOURCES/map.cpp" />
		<Unit filename="SOURCES/map.h" />
		<Unit filename="SOURCES/media_misc.cpp" />
		<Unit filename="SOURCES/media_misc.h" />
		<Unit filename="SOURCES/player.cpp" />
		<Unit filename="SOURCES/player.h" />
		<Unit filename="SOURCES/rungame.cpp" />
		<Unit filename="SOURCES/rungame.h" />
		<Unit filename="SOURCES/settings.cpp" />
		<Unit filename="SOURCES/settings.h" />
		<Extensions>
			<code_completion />
			<debugger />
		</Extensions>
	</Project>
</CodeBlocks_project_file>
